
Microsoft Visual Studio Solution File, Format Version 12.00
# Visual Studio Version 16
VisualStudioVersion = 16.0.31613.86
MinimumVisualStudioVersion = 10.0.40219.1
Project("{FAE04EC0-301F-11D3-BF4B-00C04F79EFBC}") = "MatrixAddition", "MatrixAddition\MatrixAddition.csproj", "{00F15191-9D60-43F1-9101-D5A1DAC5B477}"
EndProject
Global
	GlobalSection(SolutionConfigurationPlatforms) = preSolution
		Debug|Any CPU = Debug|Any CPU
		Release|Any CPU = Release|Any CPU
	EndGlobalSection
	GlobalSection(ProjectConfigurationPlatforms) = postSolution
		{00F15191-9D60-43F1-9101-D5A1DAC5B477}.Debug|Any CPU.ActiveCfg = Debug|Any CPU
		{00F15191-9D60-43F1-9101-D5A1DAC5B477}.Debug|Any CPU.Build.0 = Debug|Any CPU
		{00F15191-9D60-43F1-9101-D5A1DAC5B477}.Release|Any CPU.ActiveCfg = Release|Any CPU
		{00F15191-9D60-43F1-9101-D5A1DAC5B477}.Release|Any CPU.Build.0 = Release|Any CPU
	EndGlobalSection
	GlobalSection(SolutionProperties) = preSolution
		HideSolutionNode = FALSE
	EndGlobalSection
	GlobalSection(ExtensibilityGlobals) = postSolution
		SolutionGuid = {4353A68B-29D6-42AF-A53C-EE56D7A8FA91}
	EndGlobalSection
EndGlobal
