
Microsoft Visual Studio Solution File, Format Version 12.00
# Visual Studio Version 16
VisualStudioVersion = 16.0.31613.86
MinimumVisualStudioVersion = 10.0.40219.1
Project("{FAE04EC0-301F-11D3-BF4B-00C04F79EFBC}") = "SpecialNumber", "SpecialNumber\SpecialNumber.csproj", "{D624CC45-782E-492E-96B4-3A0A2174ED8F}"
EndProject
Global
	GlobalSection(SolutionConfigurationPlatforms) = preSolution
		Debug|Any CPU = Debug|Any CPU
		Release|Any CPU = Release|Any CPU
	EndGlobalSection
	GlobalSection(ProjectConfigurationPlatforms) = postSolution
		{D624CC45-782E-492E-96B4-3A0A2174ED8F}.Debug|Any CPU.ActiveCfg = Debug|Any CPU
		{D624CC45-782E-492E-96B4-3A0A2174ED8F}.Debug|Any CPU.Build.0 = Debug|Any CPU
		{D624CC45-782E-492E-96B4-3A0A2174ED8F}.Release|Any CPU.ActiveCfg = Release|Any CPU
		{D624CC45-782E-492E-96B4-3A0A2174ED8F}.Release|Any CPU.Build.0 = Release|Any CPU
	EndGlobalSection
	GlobalSection(SolutionProperties) = preSolution
		HideSolutionNode = FALSE
	EndGlobalSection
	GlobalSection(ExtensibilityGlobals) = postSolution
		SolutionGuid = {01820260-219B-4DAC-A452-25A09A4A33EF}
	EndGlobalSection
EndGlobal
