
Microsoft Visual Studio Solution File, Format Version 12.00
# Visual Studio Version 16
VisualStudioVersion = 16.0.31613.86
MinimumVisualStudioVersion = 10.0.40219.1
Project("{FAE04EC0-301F-11D3-BF4B-00C04F79EFBC}") = "ChangingLetters", "ChangingLetters\ChangingLetters.csproj", "{205395CF-C422-4D37-A6DB-5B1897E9673E}"
EndProject
Global
	GlobalSection(SolutionConfigurationPlatforms) = preSolution
		Debug|Any CPU = Debug|Any CPU
		Release|Any CPU = Release|Any CPU
	EndGlobalSection
	GlobalSection(ProjectConfigurationPlatforms) = postSolution
		{205395CF-C422-4D37-A6DB-5B1897E9673E}.Debug|Any CPU.ActiveCfg = Debug|Any CPU
		{205395CF-C422-4D37-A6DB-5B1897E9673E}.Debug|Any CPU.Build.0 = Debug|Any CPU
		{205395CF-C422-4D37-A6DB-5B1897E9673E}.Release|Any CPU.ActiveCfg = Release|Any CPU
		{205395CF-C422-4D37-A6DB-5B1897E9673E}.Release|Any CPU.Build.0 = Release|Any CPU
	EndGlobalSection
	GlobalSection(SolutionProperties) = preSolution
		HideSolutionNode = FALSE
	EndGlobalSection
	GlobalSection(ExtensibilityGlobals) = postSolution
		SolutionGuid = {7479CFF9-BB50-4439-AF83-B6658BC0033D}
	EndGlobalSection
EndGlobal
