
Microsoft Visual Studio Solution File, Format Version 12.00
# Visual Studio Version 16
VisualStudioVersion = 16.0.31613.86
MinimumVisualStudioVersion = 10.0.40219.1
Project("{FAE04EC0-301F-11D3-BF4B-00C04F79EFBC}") = "FormTheLargest", "FormTheLargest\FormTheLargest.csproj", "{925F284B-14C2-4856-8AC0-400A14C2630D}"
EndProject
Global
	GlobalSection(SolutionConfigurationPlatforms) = preSolution
		Debug|Any CPU = Debug|Any CPU
		Release|Any CPU = Release|Any CPU
	EndGlobalSection
	GlobalSection(ProjectConfigurationPlatforms) = postSolution
		{925F284B-14C2-4856-8AC0-400A14C2630D}.Debug|Any CPU.ActiveCfg = Debug|Any CPU
		{925F284B-14C2-4856-8AC0-400A14C2630D}.Debug|Any CPU.Build.0 = Debug|Any CPU
		{925F284B-14C2-4856-8AC0-400A14C2630D}.Release|Any CPU.ActiveCfg = Release|Any CPU
		{925F284B-14C2-4856-8AC0-400A14C2630D}.Release|Any CPU.Build.0 = Release|Any CPU
	EndGlobalSection
	GlobalSection(SolutionProperties) = preSolution
		HideSolutionNode = FALSE
	EndGlobalSection
	GlobalSection(ExtensibilityGlobals) = postSolution
		SolutionGuid = {C7E44921-59D0-4F18-9CE9-96AB96055803}
	EndGlobalSection
EndGlobal
